
Microsoft Visual Studio Solution File, Format Version 12.00
# Visual Studio 2012
Project("{FAE04EC0-301F-11D3-BF4B-00C04F79EFBC}") = "Menporul.Windows.Controls", "Menporul.Windows.Controls\Menporul.Windows.Controls.csproj", "{12557126-9D31-435A-ADF9-A1834F09B2DA}"
EndProject
Global
	GlobalSection(SolutionConfigurationPlatforms) = preSolution
		Debug|Any CPU = Debug|Any CPU
		Release|Any CPU = Release|Any CPU
	EndGlobalSection
	GlobalSection(ProjectConfigurationPlatforms) = postSolution
		{12557126-9D31-435A-ADF9-A1834F09B2DA}.Debug|Any CPU.ActiveCfg = Debug|Any CPU
		{12557126-9D31-435A-ADF9-A1834F09B2DA}.Debug|Any CPU.Build.0 = Debug|Any CPU
		{12557126-9D31-435A-ADF9-A1834F09B2DA}.Release|Any CPU.ActiveCfg = Release|Any CPU
		{12557126-9D31-435A-ADF9-A1834F09B2DA}.Release|Any CPU.Build.0 = Release|Any CPU
	EndGlobalSection
	GlobalSection(SolutionProperties) = preSolution
		HideSolutionNode = FALSE
	EndGlobalSection
EndGlobal
